// !$*UTF8*$!
{
	archiveVersion = 1;
	classes = {
	};
	objectVersion = 77;
	objects = {

/* Begin PBXBuildFile section */
		83FE2F722ED6A4D9002DE610 /* FirebaseAnalytics in Frameworks */ = {isa = PBXBuildFile; productRef = 83FE2F712ED6A4D9002DE610 /* FirebaseAnalytics */; };
		83FE2F742ED6A4D9002DE610 /* FirebaseAuth in Frameworks */ = {isa = PBXBuildFile; productRef = 83FE2F732ED6A4D9002DE610 /* FirebaseAuth */; };
		83FE2F762ED6A4D9002DE610 /* FirebaseCrashlytics in Frameworks */ = {isa = PBXBuildFile; productRef = 83FE2F752ED6A4D9002DE610 /* FirebaseCrashlytics */; };
		83FE2F782ED6A4D9002DE610 /* FirebaseFirestore in Frameworks */ = {isa = PBXBuildFile; productRef = 83FE2F772ED6A4D9002DE610 /* FirebaseFirestore */; };
		83FE2F7A2ED6A4D9002DE610 /* FirebaseMessaging in Frameworks */ = {isa = PBXBuildFile; productRef = 83FE2F792ED6A4D9002DE610 /* FirebaseMessaging */; };
		83FE2F7D2ED6A509002DE610 /* OpenAI in Frameworks */ = {isa = PBXBuildFile; productRef = 83FE2F7C2ED6A509002DE610 /* OpenAI */; };
		83FE2F802ED6A53C002DE610 /* GoogleSignIn in Frameworks */ = {isa = PBXBuildFile; productRef = 83FE2F7F2ED6A53C002DE610 /* GoogleSignIn */; };
		83FE2F822ED6A53C002DE610 /* GoogleSignInSwift in Frameworks */ = {isa = PBXBuildFile; productRef = 83FE2F812ED6A53C002DE610 /* GoogleSignInSwift */; };
/* End PBXBuildFile section */

/* Begin PBXContainerItemProxy section */
		830989E52ED6A04000929825 /* PBXContainerItemProxy */ = {
			isa = PBXContainerItemProxy;
			containerPortal = 830989CF2ED6A03F00929825 /* Project object */;
			proxyType = 1;
			remoteGlobalIDString = 830989D62ED6A03F00929825;
			remoteInfo = Bloom;
		};
		830989EF2ED6A04000929825 /* PBXContainerItemProxy */ = {
			isa = PBXContainerItemProxy;
			containerPortal = 830989CF2ED6A03F00929825 /* Project object */;
			proxyType = 1;
			remoteGlobalIDString = 830989D62ED6A03F00929825;
			remoteInfo = Bloom;
		};
/* End PBXContainerItemProxy section */

/* Begin PBXFileReference section */
		830989D72ED6A03F00929825 /* Bloom.app */ = {isa = PBXFileReference; explicitFileType = wrapper.application; includeInIndex = 0; path = Bloom.app; sourceTree = BUILT_PRODUCTS_DIR; };
		830989E42ED6A04000929825 /* BloomTests.xctest */ = {isa = PBXFileReference; explicitFileType = wrapper.cfbundle; includeInIndex = 0; path = BloomTests.xctest; sourceTree = BUILT_PRODUCTS_DIR; };
		830989EE2ED6A04000929825 /* BloomUITests.xctest */ = {isa = PBXFileReference; explicitFileType = wrapper.cfbundle; includeInIndex = 0; path = BloomUITests.xctest; sourceTree = BUILT_PRODUCTS_DIR; };
		83098A012ED6A08900929825 /* CLAUDE.md */ = {isa = PBXFileReference; lastKnownFileType = net.daringfireball.markdown; path = CLAUDE.md; sourceTree = "<group>"; };
/* End PBXFileReference section */

/* Begin PBXFileSystemSynchronizedRootGroup section */
		830989D92ED6A03F00929825 /* Bloom */ = {
			isa = PBXFileSystemSynchronizedRootGroup;
			path = Bloom;
			sourceTree = "<group>";
		};
		830989E72ED6A04000929825 /* BloomTests */ = {
			isa = PBXFileSystemSynchronizedRootGroup;
			path = BloomTests;
			sourceTree = "<group>";
		};
		830989F12ED6A04000929825 /* BloomUITests */ = {
			isa = PBXFileSystemSynchronizedRootGroup;
			path = BloomUITests;
			sourceTree = "<group>";
		};
/* End PBXFileSystemSynchronizedRootGroup section */

/* Begin PBXFrameworksBuildPhase section */
		830989D42ED6A03F00929825 /* Frameworks */ = {
			isa = PBXFrameworksBuildPhase;
			buildActionMask = 2147483647;
			files = (
				83FE2F762ED6A4D9002DE610 /* FirebaseCrashlytics in Frameworks */,
				83FE2F782ED6A4D9002DE610 /* FirebaseFirestore in Frameworks */,
				83FE2F7A2ED6A4D9002DE610 /* FirebaseMessaging in Frameworks */,
				83FE2F822ED6A53C002DE610 /* GoogleSignInSwift in Frameworks */,
				83FE2F722ED6A4D9002DE610 /* FirebaseAnalytics in Frameworks */,
				83FE2F7D2ED6A509002DE610 /* OpenAI in Frameworks */,
				83FE2F742ED6A4D9002DE610 /* FirebaseAuth in Frameworks */,
				83FE2F802ED6A53C002DE610 /* GoogleSignIn in Frameworks */,
			);
			runOnlyForDeploymentPostprocessing = 0;
		};
		830989E12ED6A04000929825 /* Frameworks */ = {
			isa = PBXFrameworksBuildPhase;
			buildActionMask = 2147483647;
			files = (
			);
			runOnlyForDeploymentPostprocessing = 0;
		};
		830989EB2ED6A04000929825 /* Frameworks */ = {
			isa = PBXFrameworksBuildPhase;
			buildActionMask = 2147483647;
			files = (
			);
			runOnlyForDeploymentPostprocessing = 0;
		};
/* End PBXFrameworksBuildPhase section */

/* Begin PBXGroup section */
		830989CE2ED6A03F00929825 = {
			isa = PBXGroup;
			children = (
				83098A012ED6A08900929825 /* CLAUDE.md */,
				830989D92ED6A03F00929825 /* Bloom */,
				830989E72ED6A04000929825 /* BloomTests */,
				830989F12ED6A04000929825 /* BloomUITests */,
				830989D82ED6A03F00929825 /* Products */,
			);
			sourceTree = "<group>";
		};
		830989D82ED6A03F00929825 /* Products */ = {
			isa = PBXGroup;
			children = (
				830989D72ED6A03F00929825 /* Bloom.app */,
				830989E42ED6A04000929825 /* BloomTests.xctest */,
				830989EE2ED6A04000929825 /* BloomUITests.xctest */,
			);
			name = Products;
			sourceTree = "<group>";
		};
/* End PBXGroup section */

/* Begin PBXNativeTarget section */
		830989D62ED6A03F00929825 /* Bloom */ = {
			isa = PBXNativeTarget;
			buildConfigurationList = 830989F82ED6A04000929825 /* Build configuration list for PBXNativeTarget "Bloom" */;
			buildPhases = (
				830989D32ED6A03F00929825 /* Sources */,
				830989D42ED6A03F00929825 /* Frameworks */,
				830989D52ED6A03F00929825 /* Resources */,
			);
			buildRules = (
			);
			dependencies = (
			);
			fileSystemSynchronizedGroups = (
				830989D92ED6A03F00929825 /* Bloom */,
			);
			name = Bloom;
			packageProductDependencies = (
				83FE2F712ED6A4D9002DE610 /* FirebaseAnalytics */,
				83FE2F732ED6A4D9002DE610 /* FirebaseAuth */,
				83FE2F752ED6A4D9002DE610 /* FirebaseCrashlytics */,
				83FE2F772ED6A4D9002DE610 /* FirebaseFirestore */,
				83FE2F792ED6A4D9002DE610 /* FirebaseMessaging */,
				83FE2F7C2ED6A509002DE610 /* OpenAI */,
				83FE2F7F2ED6A53C002DE610 /* GoogleSignIn */,
				83FE2F812ED6A53C002DE610 /* GoogleSignInSwift */,
			);
			productName = Bloom;
			productReference = 830989D72ED6A03F00929825 /* Bloom.app */;
			productType = "com.apple.product-type.application";
		};
		830989E32ED6A04000929825 /* BloomTests */ = {
			isa = PBXNativeTarget;
			buildConfigurationList = 830989FB2ED6A04000929825 /* Build configuration list for PBXNativeTarget "BloomTests" */;
			buildPhases = (
				830989E02ED6A04000929825 /* Sources */,
				830989E12ED6A04000929825 /* Frameworks */,
				830989E22ED6A04000929825 /* Resources */,
			);
			buildRules = (
			);
			dependencies = (
				830989E62ED6A04000929825 /* PBXTargetDependency */,
			);
			fileSystemSynchronizedGroups = (
				830989E72ED6A04000929825 /* BloomTests */,
			);
			name = BloomTests;
			packageProductDependencies = (
			);
			productName = BloomTests;
			productReference = 830989E42ED6A04000929825 /* BloomTests.xctest */;
			productType = "com.apple.product-type.bundle.unit-test";
		};
		830989ED2ED6A04000929825 /* BloomUITests */ = {
			isa = PBXNativeTarget;
			buildConfigurationList = 830989FE2ED6A04000929825 /* Build configuration list for PBXNativeTarget "BloomUITests" */;
			buildPhases = (
				830989EA2ED6A04000929825 /* Sources */,
				830989EB2ED6A04000929825 /* Frameworks */,
				830989EC2ED6A04000929825 /* Resources */,
			);
			buildRules = (
			);
			dependencies = (
				830989F02ED6A04000929825 /* PBXTargetDependency */,
			);
			fileSystemSynchronizedGroups = (
				830989F12ED6A04000929825 /* BloomUITests */,
			);
			name = BloomUITests;
			packageProductDependencies = (
			);
			productName = BloomUITests;
			productReference = 830989EE2ED6A04000929825 /* BloomUITests.xctest */;
			productType = "com.apple.product-type.bundle.ui-testing";
		};
/* End PBXNativeTarget section */

/* Begin PBXProject section */
		830989CF2ED6A03F00929825 /* Project object */ = {
			isa = PBXProject;
			attributes = {
				BuildIndependentTargetsInParallel = 1;
				LastSwiftUpdateCheck = 2600;
				LastUpgradeCheck = 2600;
				TargetAttributes = {
					830989D62ED6A03F00929825 = {
						CreatedOnToolsVersion = 26.0;
					};
					830989E32ED6A04000929825 = {
						CreatedOnToolsVersion = 26.0;
						TestTargetID = 830989D62ED6A03F00929825;
					};
					830989ED2ED6A04000929825 = {
						CreatedOnToolsVersion = 26.0;
						TestTargetID = 830989D62ED6A03F00929825;
					};
				};
			};
			buildConfigurationList = 830989D22ED6A03F00929825 /* Build configuration list for PBXProject "Bloom" */;
			developmentRegion = en;
			hasScannedForEncodings = 0;
			knownRegions = (
				en,
				Base,
			);
			mainGroup = 830989CE2ED6A03F00929825;
			minimizedProjectReferenceProxies = 1;
			packageReferences = (
				83FE2F702ED6A4D9002DE610 /* XCRemoteSwiftPackageReference "firebase-ios-sdk" */,
				83FE2F7B2ED6A509002DE610 /* XCRemoteSwiftPackageReference "OpenAI" */,
				83FE2F7E2ED6A53C002DE610 /* XCRemoteSwiftPackageReference "GoogleSignIn-iOS" */,
			);
			preferredProjectObjectVersion = 77;
			productRefGroup = 830989D82ED6A03F00929825 /* Products */;
			projectDirPath = "";
			projectRoot = "";
			targets = (
				830989D62ED6A03F00929825 /* Bloom */,
				830989E32ED6A04000929825 /* BloomTests */,
				830989ED2ED6A04000929825 /* BloomUITests */,
			);
		};
/* End PBXProject section */

/* Begin PBXResourcesBuildPhase section */
		830989D52ED6A03F00929825 /* Resources */ = {
			isa = PBXResourcesBuildPhase;
			buildActionMask = 2147483647;
			files = (
			);
			runOnlyForDeploymentPostprocessing = 0;
		};
		830989E22ED6A04000929825 /* Resources */ = {
			isa = PBXResourcesBuildPhase;
			buildActionMask = 2147483647;
			files = (
			);
			runOnlyForDeploymentPostprocessing = 0;
		};
		830989EC2ED6A04000929825 /* Resources */ = {
			isa = PBXResourcesBuildPhase;
			buildActionMask = 2147483647;
			files = (
			);
			runOnlyForDeploymentPostprocessing = 0;
		};
/* End PBXResourcesBuildPhase section */

/* Begin PBXSourcesBuildPhase section */
		830989D32ED6A03F00929825 /* Sources */ = {
			isa = PBXSourcesBuildPhase;
			buildActionMask = 2147483647;
			files = (
			);
			runOnlyForDeploymentPostprocessing = 0;
		};
		830989E02ED6A04000929825 /* Sources */ = {
			isa = PBXSourcesBuildPhase;
			buildActionMask = 2147483647;
			files = (
			);
			runOnlyForDeploymentPostprocessing = 0;
		};
		830989EA2ED6A04000929825 /* Sources */ = {
			isa = PBXSourcesBuildPhase;
			buildActionMask = 2147483647;
			files = (
			);
			runOnlyForDeploymentPostprocessing = 0;
		};
/* End PBXSourcesBuildPhase section */

/* Begin PBXTargetDependency section */
		830989E62ED6A04000929825 /* PBXTargetDependency */ = {
			isa = PBXTargetDependency;
			target = 830989D62ED6A03F00929825 /* Bloom */;
			targetProxy = 830989E52ED6A04000929825 /* PBXContainerItemProxy */;
		};
		830989F02ED6A04000929825 /* PBXTargetDependency */ = {
			isa = PBXTargetDependency;
			target = 830989D62ED6A03F00929825 /* Bloom */;
			targetProxy = 830989EF2ED6A04000929825 /* PBXContainerItemProxy */;
		};
/* End PBXTargetDependency section */

/* Begin XCBuildConfiguration section */
		830989F62ED6A04000929825 /* Debug */ = {
			isa = XCBuildConfiguration;
			buildSettings = {
				ALWAYS_SEARCH_USER_PATHS = NO;
				ASSETCATALOG_COMPILER_GENERATE_SWIFT_ASSET_SYMBOL_EXTENSIONS = YES;
				CLANG_ANALYZER_NONNULL = YES;
				CLANG_ANALYZER_NUMBER_OBJECT_CONVERSION = YES_AGGRESSIVE;
				CLANG_CXX_LANGUAGE_STANDARD = "gnu++20";
				CLANG_ENABLE_MODULES = YES;
				CLANG_ENABLE_OBJC_ARC = YES;
				CLANG_ENABLE_OBJC_WEAK = YES;
				CLANG_WARN_BLOCK_CAPTURE_AUTORELEASING = YES;
				CLANG_WARN_BOOL_CONVERSION = YES;
				CLANG_WARN_COMMA = YES;
				CLANG_WARN_CONSTANT_CONVERSION = YES;
				CLANG_WARN_DEPRECATED_OBJC_IMPLEMENTATIONS = YES;
				CLANG_WARN_DIRECT_OBJC_ISA_USAGE = YES_ERROR;
				CLANG_WARN_DOCUMENTATION_COMMENTS = YES;
				CLANG_WARN_EMPTY_BODY = YES;
				CLANG_WARN_ENUM_CONVERSION = YES;
				CLANG_WARN_INFINITE_RECURSION = YES;
				CLANG_WARN_INT_CONVERSION = YES;
				CLANG_WARN_NON_LITERAL_NULL_CONVERSION = YES;
				CLANG_WARN_OBJC_IMPLICIT_RETAIN_SELF = YES;
				CLANG_WARN_OBJC_LITERAL_CONVERSION = YES;
				CLANG_WARN_OBJC_ROOT_CLASS = YES_ERROR;
				CLANG_WARN_QUOTED_INCLUDE_IN_FRAMEWORK_HEADER = YES;
				CLANG_WARN_RANGE_LOOP_ANALYSIS = YES;
				CLANG_WARN_STRICT_PROTOTYPES = YES;
				CLANG_WARN_SUSPICIOUS_MOVE = YES;
				CLANG_WARN_UNGUARDED_AVAILABILITY = YES_AGGRESSIVE;
				CLANG_WARN_UNREACHABLE_CODE = YES;
				CLANG_WARN__DUPLICATE_METHOD_MATCH = YES;
				COPY_PHASE_STRIP = NO;
				DEBUG_INFORMATION_FORMAT = dwarf;
				DEVELOPMENT_TEAM = S6GR66BQ4K;
				ENABLE_STRICT_OBJC_MSGSEND = YES;
				ENABLE_TESTABILITY = YES;
				ENABLE_USER_SCRIPT_SANDBOXING = YES;
				GCC_C_LANGUAGE_STANDARD = gnu17;
				GCC_DYNAMIC_NO_PIC = NO;
				GCC_NO_COMMON_BLOCKS = YES;
				GCC_OPTIMIZATION_LEVEL = 0;
				GCC_PREPROCESSOR_DEFINITIONS = (
					"DEBUG=1",
					"$(inherited)",
				);
				GCC_WARN_64_TO_32_BIT_CONVERSION = YES;
				GCC_WARN_ABOUT_RETURN_TYPE = YES_ERROR;
				GCC_WARN_UNDECLARED_SELECTOR = YES;
				GCC_WARN_UNINITIALIZED_AUTOS = YES_AGGRESSIVE;
				GCC_WARN_UNUSED_FUNCTION = YES;
				GCC_WARN_UNUSED_VARIABLE = YES;
				IPHONEOS_DEPLOYMENT_TARGET = 26.0;
				LOCALIZATION_PREFERS_STRING_CATALOGS = YES;
				MTL_ENABLE_DEBUG_INFO = INCLUDE_SOURCE;
				MTL_FAST_MATH = YES;
				ONLY_ACTIVE_ARCH = YES;
				SDKROOT = iphoneos;
				SWIFT_ACTIVE_COMPILATION_CONDITIONS = "DEBUG $(inherited)";
				SWIFT_OPTIMIZATION_LEVEL = "-Onone";
			};
			name = Debug;
		};
		830989F72ED6A04000929825 /* Release */ = {
			isa = XCBuildConfiguration;
			buildSettings = {
				ALWAYS_SEARCH_USER_PATHS = NO;
				ASSETCATALOG_COMPILER_GENERATE_SWIFT_ASSET_SYMBOL_EXTENSIONS = YES;
				CLANG_ANALYZER_NONNULL = YES;
				CLANG_ANALYZER_NUMBER_OBJECT_CONVERSION = YES_AGGRESSIVE;
				CLANG_CXX_LANGUAGE_STANDARD = "gnu++20";
				CLANG_ENABLE_MODULES = YES;
				CLANG_ENABLE_OBJC_ARC = YES;
				CLANG_ENABLE_OBJC_WEAK = YES;
				CLANG_WARN_BLOCK_CAPTURE_AUTORELEASING = YES;
				CLANG_WARN_BOOL_CONVERSION = YES;
				CLANG_WARN_COMMA = YES;
				CLANG_WARN_CONSTANT_CONVERSION = YES;
				CLANG_WARN_DEPRECATED_OBJC_IMPLEMENTATIONS = YES;
				CLANG_WARN_DIRECT_OBJC_ISA_USAGE = YES_ERROR;
				CLANG_WARN_DOCUMENTATION_COMMENTS = YES;
				CLANG_WARN_EMPTY_BODY = YES;
				CLANG_WARN_ENUM_CONVERSION = YES;
				CLANG_WARN_INFINITE_RECURSION = YES;
				CLANG_WARN_INT_CONVERSION = YES;
				CLANG_WARN_NON_LITERAL_NULL_CONVERSION = YES;
				CLANG_WARN_OBJC_IMPLICIT_RETAIN_SELF = YES;
				CLANG_WARN_OBJC_LITERAL_CONVERSION = YES;
				CLANG_WARN_OBJC_ROOT_CLASS = YES_ERROR;
				CLANG_WARN_QUOTED_INCLUDE_IN_FRAMEWORK_HEADER = YES;
				CLANG_WARN_RANGE_LOOP_ANALYSIS = YES;
				CLANG_WARN_STRICT_PROTOTYPES = YES;
				CLANG_WARN_SUSPICIOUS_MOVE = YES;
				CLANG_WARN_UNGUARDED_AVAILABILITY = YES_AGGRESSIVE;
				CLANG_WARN_UNREACHABLE_CODE = YES;
				CLANG_WARN__DUPLICATE_METHOD_MATCH = YES;
				COPY_PHASE_STRIP = NO;
				DEBUG_INFORMATION_FORMAT = "dwarf-with-dsym";
				DEVELOPMENT_TEAM = S6GR66BQ4K;
				ENABLE_NS_ASSERTIONS = NO;
				ENABLE_STRICT_OBJC_MSGSEND = YES;
				ENABLE_USER_SCRIPT_SANDBOXING = YES;
				GCC_C_LANGUAGE_STANDARD = gnu17;
				GCC_NO_COMMON_BLOCKS = YES;
				GCC_WARN_64_TO_32_BIT_CONVERSION = YES;
				GCC_WARN_ABOUT_RETURN_TYPE = YES_ERROR;
				GCC_WARN_UNDECLARED_SELECTOR = YES;
				GCC_WARN_UNINITIALIZED_AUTOS = YES_AGGRESSIVE;
				GCC_WARN_UNUSED_FUNCTION = YES;
				GCC_WARN_UNUSED_VARIABLE = YES;
				IPHONEOS_DEPLOYMENT_TARGET = 26.0;
				LOCALIZATION_PREFERS_STRING_CATALOGS = YES;
				MTL_ENABLE_DEBUG_INFO = NO;
				MTL_FAST_MATH = YES;
				SDKROOT = iphoneos;
				SWIFT_COMPILATION_MODE = wholemodule;
				VALIDATE_PRODUCT = YES;
			};
			name = Release;
		};
		830989F92ED6A04000929825 /* Debug */ = {
			isa = XCBuildConfiguration;
			buildSettings = {
				ASSETCATALOG_COMPILER_APPICON_NAME = AppIcon;
				ASSETCATALOG_COMPILER_GLOBAL_ACCENT_COLOR_NAME = AccentColor;
				CODE_SIGN_STYLE = Automatic;
				CURRENT_PROJECT_VERSION = 1;
				DEVELOPMENT_TEAM = S6GR66BQ4K;
				ENABLE_PREVIEWS = YES;
				GENERATE_INFOPLIST_FILE = YES;
				INFOPLIST_KEY_UIApplicationSceneManifest_Generation = YES;
				INFOPLIST_KEY_UIApplicationSupportsIndirectInputEvents = YES;
				INFOPLIST_KEY_UILaunchScreen_Generation = YES;
				INFOPLIST_KEY_UISupportedInterfaceOrientations_iPad = "UIInterfaceOrientationPortrait UIInterfaceOrientationPortraitUpsideDown UIInterfaceOrientationLandscapeLeft UIInterfaceOrientationLandscapeRight";
				INFOPLIST_KEY_UISupportedInterfaceOrientations_iPhone = "UIInterfaceOrientationPortrait UIInterfaceOrientationLandscapeLeft UIInterfaceOrientationLandscapeRight";
				LD_RUNPATH_SEARCH_PATHS = (
					"$(inherited)",
					"@executable_path/Frameworks",
				);
				MARKETING_VERSION = 1.0;
				PRODUCT_BUNDLE_IDENTIFIER = com.christophershireman.Bloom;
				PRODUCT_NAME = "$(TARGET_NAME)";
				STRING_CATALOG_GENERATE_SYMBOLS = YES;
				SWIFT_APPROACHABLE_CONCURRENCY = YES;
				SWIFT_DEFAULT_ACTOR_ISOLATION = MainActor;
				SWIFT_EMIT_LOC_STRINGS = YES;
				SWIFT_UPCOMING_FEATURE_MEMBER_IMPORT_VISIBILITY = YES;
				SWIFT_VERSION = 5.0;
				TARGETED_DEVICE_FAMILY = "1,2";
			};
			name = Debug;
		};
		830989FA2ED6A04000929825 /* Release */ = {
			isa = XCBuildConfiguration;
			buildSettings = {
				ASSETCATALOG_COMPILER_APPICON_NAME = AppIcon;
				ASSETCATALOG_COMPILER_GLOBAL_ACCENT_COLOR_NAME = AccentColor;
				CODE_SIGN_STYLE = Automatic;
				CURRENT_PROJECT_VERSION = 1;
				DEVELOPMENT_TEAM = S6GR66BQ4K;
				ENABLE_PREVIEWS = YES;
				GENERATE_INFOPLIST_FILE = YES;
				INFOPLIST_KEY_UIApplicationSceneManifest_Generation = YES;
				INFOPLIST_KEY_UIApplicationSupportsIndirectInputEvents = YES;
				INFOPLIST_KEY_UILaunchScreen_Generation = YES;
				INFOPLIST_KEY_UISupportedInterfaceOrientations_iPad = "UIInterfaceOrientationPortrait UIInterfaceOrientationPortraitUpsideDown UIInterfaceOrientationLandscapeLeft UIInterfaceOrientationLandscapeRight";
				INFOPLIST_KEY_UISupportedInterfaceOrientations_iPhone = "UIInterfaceOrientationPortrait UIInterfaceOrientationLandscapeLeft UIInterfaceOrientationLandscapeRight";
				LD_RUNPATH_SEARCH_PATHS = (
					"$(inherited)",
					"@executable_path/Frameworks",
				);
				MARKETING_VERSION = 1.0;
				PRODUCT_BUNDLE_IDENTIFIER = com.christophershireman.Bloom;
				PRODUCT_NAME = "$(TARGET_NAME)";
				STRING_CATALOG_GENERATE_SYMBOLS = YES;
				SWIFT_APPROACHABLE_CONCURRENCY = YES;
				SWIFT_DEFAULT_ACTOR_ISOLATION = MainActor;
				SWIFT_EMIT_LOC_STRINGS = YES;
				SWIFT_UPCOMING_FEATURE_MEMBER_IMPORT_VISIBILITY = YES;
				SWIFT_VERSION = 5.0;
				TARGETED_DEVICE_FAMILY = "1,2";
			};
			name = Release;
		};
		830989FC2ED6A04000929825 /* Debug */ = {
			isa = XCBuildConfiguration;
			buildSettings = {
				BUNDLE_LOADER = "$(TEST_HOST)";
				CODE_SIGN_STYLE = Automatic;
				CURRENT_PROJECT_VERSION = 1;
				DEVELOPMENT_TEAM = S6GR66BQ4K;
				GENERATE_INFOPLIST_FILE = YES;
				IPHONEOS_DEPLOYMENT_TARGET = 26.0;
				MARKETING_VERSION = 1.0;
				PRODUCT_BUNDLE_IDENTIFIER = com.christophershireman.BloomTests;
				PRODUCT_NAME = "$(TARGET_NAME)";
				STRING_CATALOG_GENERATE_SYMBOLS = NO;
				SWIFT_APPROACHABLE_CONCURRENCY = YES;
				SWIFT_EMIT_LOC_STRINGS = NO;
				SWIFT_UPCOMING_FEATURE_MEMBER_IMPORT_VISIBILITY = YES;
				SWIFT_VERSION = 5.0;
				TARGETED_DEVICE_FAMILY = "1,2";
				TEST_HOST = "$(BUILT_PRODUCTS_DIR)/Bloom.app/$(BUNDLE_EXECUTABLE_FOLDER_PATH)/Bloom";
			};
			name = Debug;
		};
		830989FD2ED6A04000929825 /* Release */ = {
			isa = XCBuildConfiguration;
			buildSettings = {
				BUNDLE_LOADER = "$(TEST_HOST)";
				CODE_SIGN_STYLE = Automatic;
				CURRENT_PROJECT_VERSION = 1;
				DEVELOPMENT_TEAM = S6GR66BQ4K;
				GENERATE_INFOPLIST_FILE = YES;
				IPHONEOS_DEPLOYMENT_TARGET = 26.0;
				MARKETING_VERSION = 1.0;
				PRODUCT_BUNDLE_IDENTIFIER = com.christophershireman.BloomTests;
				PRODUCT_NAME = "$(TARGET_NAME)";
				STRING_CATALOG_GENERATE_SYMBOLS = NO;
				SWIFT_APPROACHABLE_CONCURRENCY = YES;
				SWIFT_EMIT_LOC_STRINGS = NO;
				SWIFT_UPCOMING_FEATURE_MEMBER_IMPORT_VISIBILITY = YES;
				SWIFT_VERSION = 5.0;
				TARGETED_DEVICE_FAMILY = "1,2";
				TEST_HOST = "$(BUILT_PRODUCTS_DIR)/Bloom.app/$(BUNDLE_EXECUTABLE_FOLDER_PATH)/Bloom";
			};
			name = Release;
		};
		830989FF2ED6A04000929825 /* Debug */ = {
			isa = XCBuildConfiguration;
			buildSettings = {
				CODE_SIGN_STYLE = Automatic;
				CURRENT_PROJECT_VERSION = 1;
				DEVELOPMENT_TEAM = S6GR66BQ4K;
				GENERATE_INFOPLIST_FILE = YES;
				MARKETING_VERSION = 1.0;
				PRODUCT_BUNDLE_IDENTIFIER = com.christophershireman.BloomUITests;
				PRODUCT_NAME = "$(TARGET_NAME)";
				STRING_CATALOG_GENERATE_SYMBOLS = NO;
				SWIFT_APPROACHABLE_CONCURRENCY = YES;
				SWIFT_EMIT_LOC_STRINGS = NO;
				SWIFT_UPCOMING_FEATURE_MEMBER_IMPORT_VISIBILITY = YES;
				SWIFT_VERSION = 5.0;
				TARGETED_DEVICE_FAMILY = "1,2";
				TEST_TARGET_NAME = Bloom;
			};
			name = Debug;
		};
		83098A002ED6A04000929825 /* Release */ = {
			isa = XCBuildConfiguration;
			buildSettings = {
				CODE_SIGN_STYLE = Automatic;
				CURRENT_PROJECT_VERSION = 1;
				DEVELOPMENT_TEAM = S6GR66BQ4K;
				GENERATE_INFOPLIST_FILE = YES;
				MARKETING_VERSION = 1.0;
				PRODUCT_BUNDLE_IDENTIFIER = com.christophershireman.BloomUITests;
				PRODUCT_NAME = "$(TARGET_NAME)";
				STRING_CATALOG_GENERATE_SYMBOLS = NO;
				SWIFT_APPROACHABLE_CONCURRENCY = YES;
				SWIFT_EMIT_LOC_STRINGS = NO;
				SWIFT_UPCOMING_FEATURE_MEMBER_IMPORT_VISIBILITY = YES;
				SWIFT_VERSION = 5.0;
				TARGETED_DEVICE_FAMILY = "1,2";
				TEST_TARGET_NAME = Bloom;
			};
			name = Release;
		};
/* End XCBuildConfiguration section */

/* Begin XCConfigurationList section */
		830989D22ED6A03F00929825 /* Build configuration list for PBXProject "Bloom" */ = {
			isa = XCConfigurationList;
			buildConfigurations = (
				830989F62ED6A04000929825 /* Debug */,
				830989F72ED6A04000929825 /* Release */,
			);
			defaultConfigurationIsVisible = 0;
			defaultConfigurationName = Release;
		};
		830989F82ED6A04000929825 /* Build configuration list for PBXNativeTarget "Bloom" */ = {
			isa = XCConfigurationList;
			buildConfigurations = (
				830989F92ED6A04000929825 /* Debug */,
				830989FA2ED6A04000929825 /* Release */,
			);
			defaultConfigurationIsVisible = 0;
			defaultConfigurationName = Release;
		};
		830989FB2ED6A04000929825 /* Build configuration list for PBXNativeTarget "BloomTests" */ = {
			isa = XCConfigurationList;
			buildConfigurations = (
				830989FC2ED6A04000929825 /* Debug */,
				830989FD2ED6A04000929825 /* Release */,
			);
			defaultConfigurationIsVisible = 0;
			defaultConfigurationName = Release;
		};
		830989FE2ED6A04000929825 /* Build configuration list for PBXNativeTarget "BloomUITests" */ = {
			isa = XCConfigurationList;
			buildConfigurations = (
				830989FF2ED6A04000929825 /* Debug */,
				83098A002ED6A04000929825 /* Release */,
			);
			defaultConfigurationIsVisible = 0;
			defaultConfigurationName = Release;
		};
/* End XCConfigurationList section */

/* Begin XCRemoteSwiftPackageReference section */
		83FE2F702ED6A4D9002DE610 /* XCRemoteSwiftPackageReference "firebase-ios-sdk" */ = {
			isa = XCRemoteSwiftPackageReference;
			repositoryURL = "https://github.com/firebase/firebase-ios-sdk";
			requirement = {
				kind = upToNextMajorVersion;
				minimumVersion = 12.6.0;
			};
		};
		83FE2F7B2ED6A509002DE610 /* XCRemoteSwiftPackageReference "OpenAI" */ = {
			isa = XCRemoteSwiftPackageReference;
			repositoryURL = "https://github.com/MacPaw/OpenAI";
			requirement = {
				kind = upToNextMajorVersion;
				minimumVersion = 0.4.7;
			};
		};
		83FE2F7E2ED6A53C002DE610 /* XCRemoteSwiftPackageReference "GoogleSignIn-iOS" */ = {
			isa = XCRemoteSwiftPackageReference;
			repositoryURL = "https://github.com/google/GoogleSignIn-iOS";
			requirement = {
				kind = upToNextMajorVersion;
				minimumVersion = 9.0.0;
			};
		};
/* End XCRemoteSwiftPackageReference section */

/* Begin XCSwiftPackageProductDependency section */
		83FE2F712ED6A4D9002DE610 /* FirebaseAnalytics */ = {
			isa = XCSwiftPackageProductDependency;
			package = 83FE2F702ED6A4D9002DE610 /* XCRemoteSwiftPackageReference "firebase-ios-sdk" */;
			productName = FirebaseAnalytics;
		};
		83FE2F732ED6A4D9002DE610 /* FirebaseAuth */ = {
			isa = XCSwiftPackageProductDependency;
			package = 83FE2F702ED6A4D9002DE610 /* XCRemoteSwiftPackageReference "firebase-ios-sdk" */;
			productName = FirebaseAuth;
		};
		83FE2F752ED6A4D9002DE610 /* FirebaseCrashlytics */ = {
			isa = XCSwiftPackageProductDependency;
			package = 83FE2F702ED6A4D9002DE610 /* XCRemoteSwiftPackageReference "firebase-ios-sdk" */;
			productName = FirebaseCrashlytics;
		};
		83FE2F772ED6A4D9002DE610 /* FirebaseFirestore */ = {
			isa = XCSwiftPackageProductDependency;
			package = 83FE2F702ED6A4D9002DE610 /* XCRemoteSwiftPackageReference "firebase-ios-sdk" */;
			productName = FirebaseFirestore;
		};
		83FE2F792ED6A4D9002DE610 /* FirebaseMessaging */ = {
			isa = XCSwiftPackageProductDependency;
			package = 83FE2F702ED6A4D9002DE610 /* XCRemoteSwiftPackageReference "firebase-ios-sdk" */;
			productName = FirebaseMessaging;
		};
		83FE2F7C2ED6A509002DE610 /* OpenAI */ = {
			isa = XCSwiftPackageProductDependency;
			package = 83FE2F7B2ED6A509002DE610 /* XCRemoteSwiftPackageReference "OpenAI" */;
			productName = OpenAI;
		};
		83FE2F7F2ED6A53C002DE610 /* GoogleSignIn */ = {
			isa = XCSwiftPackageProductDependency;
			package = 83FE2F7E2ED6A53C002DE610 /* XCRemoteSwiftPackageReference "GoogleSignIn-iOS" */;
			productName = GoogleSignIn;
		};
		83FE2F812ED6A53C002DE610 /* GoogleSignInSwift */ = {
			isa = XCSwiftPackageProductDependency;
			package = 83FE2F7E2ED6A53C002DE610 /* XCRemoteSwiftPackageReference "GoogleSignIn-iOS" */;
			productName = GoogleSignInSwift;
		};
/* End XCSwiftPackageProductDependency section */
	};
	rootObject = 830989CF2ED6A03F00929825 /* Project object */;
}
